# THIS IS AN AUTOGENERATED FILE. DO NOT EDIT THIS FILE DIRECTLY.
# yarn lockfile v1


httpreq@*:
  version "0.4.24"
  resolved "https://registry.yarnpkg.com/httpreq/-/httpreq-0.4.24.tgz#4335ffd82cd969668a39465c929ac61d6393627f"

node-pushover@^0.2.2:
  version "0.2.2"
  resolved "https://registry.yarnpkg.com/node-pushover/-/node-pushover-0.2.2.tgz#22b812630c75549019ebd33551ef65d9a4473432"
  dependencies:
    httpreq "*"
